
Microsoft Visual Studio Solution File, Format Version 12.00
# Visual Studio Version 17
VisualStudioVersion = 17.4.33205.214
MinimumVisualStudioVersion = 10.0.40219.1
Project("{FAE04EC0-301F-11D3-BF4B-00C04F79EFBC}") = "CollectionsDemo", "CollectionsDemo\CollectionsDemo.csproj", "{CDD26916-1217-4370-8928-EC402EF3FF86}"
EndProject
Global
	GlobalSection(SolutionConfigurationPlatforms) = preSolution
		Debug|Any CPU = Debug|Any CPU
		Release|Any CPU = Release|Any CPU
	EndGlobalSection
	GlobalSection(ProjectConfigurationPlatforms) = postSolution
		{CDD26916-1217-4370-8928-EC402EF3FF86}.Debug|Any CPU.ActiveCfg = Debug|Any CPU
		{CDD26916-1217-4370-8928-EC402EF3FF86}.Debug|Any CPU.Build.0 = Debug|Any CPU
		{CDD26916-1217-4370-8928-EC402EF3FF86}.Release|Any CPU.ActiveCfg = Release|Any CPU
		{CDD26916-1217-4370-8928-EC402EF3FF86}.Release|Any CPU.Build.0 = Release|Any CPU
	EndGlobalSection
	GlobalSection(SolutionProperties) = preSolution
		HideSolutionNode = FALSE
	EndGlobalSection
	GlobalSection(ExtensibilityGlobals) = postSolution
		SolutionGuid = {FAA8EEF3-3DAB-4144-A311-9240B2E97FDB}
	EndGlobalSection
EndGlobal
